
Microsoft Visual Studio Solution File, Format Version 12.00
# Visual Studio Version 17
VisualStudioVersion = 17.6.33829.357
MinimumVisualStudioVersion = 10.0.40219.1
Project("{FAE04EC0-301F-11D3-BF4B-00C04F79EFBC}") = "Testing_HashSet", "Testing_HashSet\Testing_HashSet.csproj", "{271DFDD3-E2A2-4439-9D5B-6E6951905BE1}"
EndProject
Project("{FAE04EC0-301F-11D3-BF4B-00C04F79EFBC}") = "Testing_Dictionary", "Testing_Dictionary\Testing_Dictionary.csproj", "{8F06A4A4-37B1-4CE9-A5DB-B49C076E1B75}"
EndProject
Project("{FAE04EC0-301F-11D3-BF4B-00C04F79EFBC}") = "Testing_TimeZoneInfo", "Testing_TimeZoneInfo\Testing_TimeZoneInfo.csproj", "{2E362525-8A14-4912-9390-ECAE0A99B4FC}"
EndProject
Project("{FAE04EC0-301F-11D3-BF4B-00C04F79EFBC}") = "Testing_Include", "Testing_Include\Testing_Include.csproj", "{DF52EF85-74C7-4B08-93E3-476D625941AF}"
EndProject
Project("{FAE04EC0-301F-11D3-BF4B-00C04F79EFBC}") = "Testing_Extension", "Testing_Extension\Testing_Extension.csproj", "{B5FD7AE9-00B9-4008-B2B3-7932EED78DB5}"
EndProject
Project("{FAE04EC0-301F-11D3-BF4B-00C04F79EFBC}") = "Testing_Async", "Testing_Async\Testing_Async.csproj", "{4838E743-01D5-4A70-B58E-974EBAC754CC}"
EndProject
Project("{FAE04EC0-301F-11D3-BF4B-00C04F79EFBC}") = "Testing_Select", "Testing_Select\Testing_Select.csproj", "{9189D7C9-8D60-4094-8576-1D9873E32FD9}"
EndProject
Project("{FAE04EC0-301F-11D3-BF4B-00C04F79EFBC}") = "Testing_DependencyInjection", "Testing_DependencyInjection\Testing_DependencyInjection.csproj", "{881744D3-BB32-4C89-987E-FFD7186E932F}"
EndProject
Project("{FAE04EC0-301F-11D3-BF4B-00C04F79EFBC}") = "Testing_SRP", "Testing_SingleResponsibilityPrinciple\Testing_SRP.csproj", "{313F6C60-5144-45B0-B3B3-AE654D536194}"
EndProject
Project("{FAE04EC0-301F-11D3-BF4B-00C04F79EFBC}") = "Testing_OCP", "Testing_OCP\Testing_OCP.csproj", "{EEA44170-668D-4B87-95E6-D6A7AE68911D}"
EndProject
Project("{FAE04EC0-301F-11D3-BF4B-00C04F79EFBC}") = "Testing_LSP", "Testing_LSP\Testing_LSP.csproj", "{97C6D4C5-17B4-4D29-ACE1-AE895EEECD39}"
EndProject
Project("{FAE04EC0-301F-11D3-BF4B-00C04F79EFBC}") = "Testing_Action", "Testing_Action\Testing_Action.csproj", "{799FF83F-183B-4911-8397-816F6A2C950A}"
EndProject
Project("{FAE04EC0-301F-11D3-BF4B-00C04F79EFBC}") = "Testing_Chart", "Testing_Chart\Testing_Chart.csproj", "{102E740C-DBD0-4308-AD51-8375DC7F2CAD}"
EndProject
Project("{FAE04EC0-301F-11D3-BF4B-00C04F79EFBC}") = "Testing_CreatedJson", "Testing_CreatedJson\Testing_CreatedJson.csproj", "{D8E2A2CD-05A1-4569-B25B-81E7BF052929}"
EndProject
Global
	GlobalSection(SolutionConfigurationPlatforms) = preSolution
		Debug|Any CPU = Debug|Any CPU
		Release|Any CPU = Release|Any CPU
	EndGlobalSection
	GlobalSection(ProjectConfigurationPlatforms) = postSolution
		{271DFDD3-E2A2-4439-9D5B-6E6951905BE1}.Debug|Any CPU.ActiveCfg = Debug|Any CPU
		{271DFDD3-E2A2-4439-9D5B-6E6951905BE1}.Debug|Any CPU.Build.0 = Debug|Any CPU
		{271DFDD3-E2A2-4439-9D5B-6E6951905BE1}.Release|Any CPU.ActiveCfg = Release|Any CPU
		{271DFDD3-E2A2-4439-9D5B-6E6951905BE1}.Release|Any CPU.Build.0 = Release|Any CPU
		{8F06A4A4-37B1-4CE9-A5DB-B49C076E1B75}.Debug|Any CPU.ActiveCfg = Debug|Any CPU
		{8F06A4A4-37B1-4CE9-A5DB-B49C076E1B75}.Debug|Any CPU.Build.0 = Debug|Any CPU
		{8F06A4A4-37B1-4CE9-A5DB-B49C076E1B75}.Release|Any CPU.ActiveCfg = Release|Any CPU
		{8F06A4A4-37B1-4CE9-A5DB-B49C076E1B75}.Release|Any CPU.Build.0 = Release|Any CPU
		{2E362525-8A14-4912-9390-ECAE0A99B4FC}.Debug|Any CPU.ActiveCfg = Debug|Any CPU
		{2E362525-8A14-4912-9390-ECAE0A99B4FC}.Debug|Any CPU.Build.0 = Debug|Any CPU
		{2E362525-8A14-4912-9390-ECAE0A99B4FC}.Release|Any CPU.ActiveCfg = Release|Any CPU
		{2E362525-8A14-4912-9390-ECAE0A99B4FC}.Release|Any CPU.Build.0 = Release|Any CPU
		{DF52EF85-74C7-4B08-93E3-476D625941AF}.Debug|Any CPU.ActiveCfg = Debug|Any CPU
		{DF52EF85-74C7-4B08-93E3-476D625941AF}.Debug|Any CPU.Build.0 = Debug|Any CPU
		{DF52EF85-74C7-4B08-93E3-476D625941AF}.Release|Any CPU.ActiveCfg = Release|Any CPU
		{DF52EF85-74C7-4B08-93E3-476D625941AF}.Release|Any CPU.Build.0 = Release|Any CPU
		{B5FD7AE9-00B9-4008-B2B3-7932EED78DB5}.Debug|Any CPU.ActiveCfg = Debug|Any CPU
		{B5FD7AE9-00B9-4008-B2B3-7932EED78DB5}.Debug|Any CPU.Build.0 = Debug|Any CPU
		{B5FD7AE9-00B9-4008-B2B3-7932EED78DB5}.Release|Any CPU.ActiveCfg = Release|Any CPU
		{B5FD7AE9-00B9-4008-B2B3-7932EED78DB5}.Release|Any CPU.Build.0 = Release|Any CPU
		{4838E743-01D5-4A70-B58E-974EBAC754CC}.Debug|Any CPU.ActiveCfg = Debug|Any CPU
		{4838E743-01D5-4A70-B58E-974EBAC754CC}.Debug|Any CPU.Build.0 = Debug|Any CPU
		{4838E743-01D5-4A70-B58E-974EBAC754CC}.Release|Any CPU.ActiveCfg = Release|Any CPU
		{4838E743-01D5-4A70-B58E-974EBAC754CC}.Release|Any CPU.Build.0 = Release|Any CPU
		{9189D7C9-8D60-4094-8576-1D9873E32FD9}.Debug|Any CPU.ActiveCfg = Debug|Any CPU
		{9189D7C9-8D60-4094-8576-1D9873E32FD9}.Debug|Any CPU.Build.0 = Debug|Any CPU
		{9189D7C9-8D60-4094-8576-1D9873E32FD9}.Release|Any CPU.ActiveCfg = Release|Any CPU
		{9189D7C9-8D60-4094-8576-1D9873E32FD9}.Release|Any CPU.Build.0 = Release|Any CPU
		{881744D3-BB32-4C89-987E-FFD7186E932F}.Debug|Any CPU.ActiveCfg = Debug|Any CPU
		{881744D3-BB32-4C89-987E-FFD7186E932F}.Debug|Any CPU.Build.0 = Debug|Any CPU
		{881744D3-BB32-4C89-987E-FFD7186E932F}.Release|Any CPU.ActiveCfg = Release|Any CPU
		{881744D3-BB32-4C89-987E-FFD7186E932F}.Release|Any CPU.Build.0 = Release|Any CPU
		{313F6C60-5144-45B0-B3B3-AE654D536194}.Debug|Any CPU.ActiveCfg = Debug|Any CPU
		{313F6C60-5144-45B0-B3B3-AE654D536194}.Debug|Any CPU.Build.0 = Debug|Any CPU
		{313F6C60-5144-45B0-B3B3-AE654D536194}.Release|Any CPU.ActiveCfg = Release|Any CPU
		{313F6C60-5144-45B0-B3B3-AE654D536194}.Release|Any CPU.Build.0 = Release|Any CPU
		{EEA44170-668D-4B87-95E6-D6A7AE68911D}.Debug|Any CPU.ActiveCfg = Debug|Any CPU
		{EEA44170-668D-4B87-95E6-D6A7AE68911D}.Debug|Any CPU.Build.0 = Debug|Any CPU
		{EEA44170-668D-4B87-95E6-D6A7AE68911D}.Release|Any CPU.ActiveCfg = Release|Any CPU
		{EEA44170-668D-4B87-95E6-D6A7AE68911D}.Release|Any CPU.Build.0 = Release|Any CPU
		{97C6D4C5-17B4-4D29-ACE1-AE895EEECD39}.Debug|Any CPU.ActiveCfg = Debug|Any CPU
		{97C6D4C5-17B4-4D29-ACE1-AE895EEECD39}.Debug|Any CPU.Build.0 = Debug|Any CPU
		{97C6D4C5-17B4-4D29-ACE1-AE895EEECD39}.Release|Any CPU.ActiveCfg = Release|Any CPU
		{97C6D4C5-17B4-4D29-ACE1-AE895EEECD39}.Release|Any CPU.Build.0 = Release|Any CPU
		{799FF83F-183B-4911-8397-816F6A2C950A}.Debug|Any CPU.ActiveCfg = Debug|Any CPU
		{799FF83F-183B-4911-8397-816F6A2C950A}.Debug|Any CPU.Build.0 = Debug|Any CPU
		{799FF83F-183B-4911-8397-816F6A2C950A}.Release|Any CPU.ActiveCfg = Release|Any CPU
		{799FF83F-183B-4911-8397-816F6A2C950A}.Release|Any CPU.Build.0 = Release|Any CPU
		{102E740C-DBD0-4308-AD51-8375DC7F2CAD}.Debug|Any CPU.ActiveCfg = Debug|Any CPU
		{102E740C-DBD0-4308-AD51-8375DC7F2CAD}.Debug|Any CPU.Build.0 = Debug|Any CPU
		{102E740C-DBD0-4308-AD51-8375DC7F2CAD}.Release|Any CPU.ActiveCfg = Release|Any CPU
		{102E740C-DBD0-4308-AD51-8375DC7F2CAD}.Release|Any CPU.Build.0 = Release|Any CPU
		{D8E2A2CD-05A1-4569-B25B-81E7BF052929}.Debug|Any CPU.ActiveCfg = Debug|Any CPU
		{D8E2A2CD-05A1-4569-B25B-81E7BF052929}.Debug|Any CPU.Build.0 = Debug|Any CPU
		{D8E2A2CD-05A1-4569-B25B-81E7BF052929}.Release|Any CPU.ActiveCfg = Release|Any CPU
		{D8E2A2CD-05A1-4569-B25B-81E7BF052929}.Release|Any CPU.Build.0 = Release|Any CPU
	EndGlobalSection
	GlobalSection(SolutionProperties) = preSolution
		HideSolutionNode = FALSE
	EndGlobalSection
	GlobalSection(ExtensibilityGlobals) = postSolution
		SolutionGuid = {691AF5BF-0083-4015-BC51-46258ED9CAD7}
	EndGlobalSection
EndGlobal
