
Microsoft Visual Studio Solution File, Format Version 12.00
# Visual Studio Version 17
VisualStudioVersion = 17.6.33829.357
MinimumVisualStudioVersion = 10.0.40219.1
Project("{FAE04EC0-301F-11D3-BF4B-00C04F79EFBC}") = "Testing_HashSet", "Testing_HashSet\Testing_HashSet.csproj", "{271DFDD3-E2A2-4439-9D5B-6E6951905BE1}"
EndProject
Global
	GlobalSection(SolutionConfigurationPlatforms) = preSolution
		Debug|Any CPU = Debug|Any CPU
		Release|Any CPU = Release|Any CPU
	EndGlobalSection
	GlobalSection(ProjectConfigurationPlatforms) = postSolution
		{271DFDD3-E2A2-4439-9D5B-6E6951905BE1}.Debug|Any CPU.ActiveCfg = Debug|Any CPU
		{271DFDD3-E2A2-4439-9D5B-6E6951905BE1}.Debug|Any CPU.Build.0 = Debug|Any CPU
		{271DFDD3-E2A2-4439-9D5B-6E6951905BE1}.Release|Any CPU.ActiveCfg = Release|Any CPU
		{271DFDD3-E2A2-4439-9D5B-6E6951905BE1}.Release|Any CPU.Build.0 = Release|Any CPU
	EndGlobalSection
	GlobalSection(SolutionProperties) = preSolution
		HideSolutionNode = FALSE
	EndGlobalSection
	GlobalSection(ExtensibilityGlobals) = postSolution
		SolutionGuid = {691AF5BF-0083-4015-BC51-46258ED9CAD7}
	EndGlobalSection
EndGlobal
